
Microsoft Visual Studio Solution File, Format Version 12.00
# Visual Studio Version 16
VisualStudioVersion = 16.0.28917.182
MinimumVisualStudioVersion = 10.0.40219.1
Project("{9A19103F-16F7-4668-BE54-9A1E7A4F7556}") = "Mango.ZooKeeperNet.Util", "Mango.ZooKeeperNet.Util\Mango.ZooKeeperNet.Util.csproj", "{4A5550BE-5316-4C00-89D3-25218110EA25}"
EndProject
Project("{FAE04EC0-301F-11D3-BF4B-00C04F79EFBC}") = "Mango.ZooKeeperNet.ConsoleApp", "Mango.ZooKeeperNet.ConsoleApp\Mango.ZooKeeperNet.ConsoleApp.csproj", "{661D90F0-4F5D-4E07-94F0-416AC54537F4}"
EndProject
Project("{9A19103F-16F7-4668-BE54-9A1E7A4F7556}") = "Mango.Nodis", "Mango.Nodis\Mango.Nodis.csproj", "{3F5B2186-245B-4CAB-9AC5-317D5BE0A9C2}"
EndProject
Project("{FAE04EC0-301F-11D3-BF4B-00C04F79EFBC}") = "Mango.ZooKeeperNet.WebApp", "Mango.ZooKeeperNet.WebApp\Mango.ZooKeeperNet.WebApp.csproj", "{AAEE2FFA-E92A-40BC-AF5C-627D4B174FCC}"
EndProject
Project("{9A19103F-16F7-4668-BE54-9A1E7A4F7556}") = "Mango.ZooKeeperNet.ConsoleAppCore", "Mango.ZooKeeperNet.ConsoleAppCore\Mango.ZooKeeperNet.ConsoleAppCore.csproj", "{338729EE-CA17-4462-9487-53361438F58F}"
EndProject
Project("{FAE04EC0-301F-11D3-BF4B-00C04F79EFBC}") = "Mango.ZooKeeperNet.WebAppCore", "Mango.ZooKeeperNet.WebAppCore\Mango.ZooKeeperNet.WebAppCore.csproj", "{72853AF0-F4C4-46FE-895F-CD358446E75D}"
EndProject
Global
	GlobalSection(SolutionConfigurationPlatforms) = preSolution
		Debug|Any CPU = Debug|Any CPU
		Release|Any CPU = Release|Any CPU
	EndGlobalSection
	GlobalSection(ProjectConfigurationPlatforms) = postSolution
		{4A5550BE-5316-4C00-89D3-25218110EA25}.Debug|Any CPU.ActiveCfg = Debug|Any CPU
		{4A5550BE-5316-4C00-89D3-25218110EA25}.Debug|Any CPU.Build.0 = Debug|Any CPU
		{4A5550BE-5316-4C00-89D3-25218110EA25}.Release|Any CPU.ActiveCfg = Release|Any CPU
		{4A5550BE-5316-4C00-89D3-25218110EA25}.Release|Any CPU.Build.0 = Release|Any CPU
		{661D90F0-4F5D-4E07-94F0-416AC54537F4}.Debug|Any CPU.ActiveCfg = Debug|Any CPU
		{661D90F0-4F5D-4E07-94F0-416AC54537F4}.Debug|Any CPU.Build.0 = Debug|Any CPU
		{661D90F0-4F5D-4E07-94F0-416AC54537F4}.Release|Any CPU.ActiveCfg = Release|Any CPU
		{661D90F0-4F5D-4E07-94F0-416AC54537F4}.Release|Any CPU.Build.0 = Release|Any CPU
		{3F5B2186-245B-4CAB-9AC5-317D5BE0A9C2}.Debug|Any CPU.ActiveCfg = Debug|Any CPU
		{3F5B2186-245B-4CAB-9AC5-317D5BE0A9C2}.Debug|Any CPU.Build.0 = Debug|Any CPU
		{3F5B2186-245B-4CAB-9AC5-317D5BE0A9C2}.Release|Any CPU.ActiveCfg = Release|Any CPU
		{3F5B2186-245B-4CAB-9AC5-317D5BE0A9C2}.Release|Any CPU.Build.0 = Release|Any CPU
		{AAEE2FFA-E92A-40BC-AF5C-627D4B174FCC}.Debug|Any CPU.ActiveCfg = Debug|Any CPU
		{AAEE2FFA-E92A-40BC-AF5C-627D4B174FCC}.Debug|Any CPU.Build.0 = Debug|Any CPU
		{AAEE2FFA-E92A-40BC-AF5C-627D4B174FCC}.Release|Any CPU.ActiveCfg = Release|Any CPU
		{AAEE2FFA-E92A-40BC-AF5C-627D4B174FCC}.Release|Any CPU.Build.0 = Release|Any CPU
		{338729EE-CA17-4462-9487-53361438F58F}.Debug|Any CPU.ActiveCfg = Debug|Any CPU
		{338729EE-CA17-4462-9487-53361438F58F}.Debug|Any CPU.Build.0 = Debug|Any CPU
		{338729EE-CA17-4462-9487-53361438F58F}.Release|Any CPU.ActiveCfg = Release|Any CPU
		{338729EE-CA17-4462-9487-53361438F58F}.Release|Any CPU.Build.0 = Release|Any CPU
		{72853AF0-F4C4-46FE-895F-CD358446E75D}.Debug|Any CPU.ActiveCfg = Debug|Any CPU
		{72853AF0-F4C4-46FE-895F-CD358446E75D}.Debug|Any CPU.Build.0 = Debug|Any CPU
		{72853AF0-F4C4-46FE-895F-CD358446E75D}.Release|Any CPU.ActiveCfg = Release|Any CPU
		{72853AF0-F4C4-46FE-895F-CD358446E75D}.Release|Any CPU.Build.0 = Release|Any CPU
	EndGlobalSection
	GlobalSection(SolutionProperties) = preSolution
		HideSolutionNode = FALSE
	EndGlobalSection
	GlobalSection(ExtensibilityGlobals) = postSolution
		SolutionGuid = {D223B2FE-E7FC-4DFE-ABC8-E5021B8F63D0}
	EndGlobalSection
EndGlobal
